
Microsoft Visual Studio Solution File, Format Version 12.00
# Visual Studio 14
VisualStudioVersion = 14.0.25420.1
MinimumVisualStudioVersion = 10.0.40219.1
Project("{FAE04EC0-301F-11D3-BF4B-00C04F79EFBC}") = "CS5700_Westover_Assignment_1", "CS5700_Westover_Assignment_1\CS5700_Westover_Assignment_1.csproj", "{758BF516-E115-47A7-A538-2AE1F9C5B90C}"
EndProject
Global
	GlobalSection(SolutionConfigurationPlatforms) = preSolution
		Debug|Any CPU = Debug|Any CPU
		Release|Any CPU = Release|Any CPU
	EndGlobalSection
	GlobalSection(ProjectConfigurationPlatforms) = postSolution
		{758BF516-E115-47A7-A538-2AE1F9C5B90C}.Debug|Any CPU.ActiveCfg = Debug|Any CPU
		{758BF516-E115-47A7-A538-2AE1F9C5B90C}.Debug|Any CPU.Build.0 = Debug|Any CPU
		{758BF516-E115-47A7-A538-2AE1F9C5B90C}.Release|Any CPU.ActiveCfg = Release|Any CPU
		{758BF516-E115-47A7-A538-2AE1F9C5B90C}.Release|Any CPU.Build.0 = Release|Any CPU
	EndGlobalSection
	GlobalSection(SolutionProperties) = preSolution
		HideSolutionNode = FALSE
	EndGlobalSection
EndGlobal
